
Microsoft Visual Studio Solution File, Format Version 12.00
# Visual Studio Version 16
VisualStudioVersion = 16.0.29806.167
MinimumVisualStudioVersion = 10.0.40219.1
Project("{FAE04EC0-301F-11D3-BF4B-00C04F79EFBC}") = "EditSpecification", "EditSpecification\EditSpecification.csproj", "{E3990824-398C-4ED3-9215-0A2E72D4EB89}"
EndProject
Project("{FAE04EC0-301F-11D3-BF4B-00C04F79EFBC}") = "ConsoleApp1", "ConsoleApp1\ConsoleApp1.csproj", "{F823F605-36FD-4843-92E3-D8A945F22443}"
EndProject
Global
	GlobalSection(SolutionConfigurationPlatforms) = preSolution
		Debug|Any CPU = Debug|Any CPU
		Release|Any CPU = Release|Any CPU
	EndGlobalSection
	GlobalSection(ProjectConfigurationPlatforms) = postSolution
		{E3990824-398C-4ED3-9215-0A2E72D4EB89}.Debug|Any CPU.ActiveCfg = Debug|Any CPU
		{E3990824-398C-4ED3-9215-0A2E72D4EB89}.Debug|Any CPU.Build.0 = Debug|Any CPU
		{E3990824-398C-4ED3-9215-0A2E72D4EB89}.Release|Any CPU.ActiveCfg = Release|Any CPU
		{E3990824-398C-4ED3-9215-0A2E72D4EB89}.Release|Any CPU.Build.0 = Release|Any CPU
		{F823F605-36FD-4843-92E3-D8A945F22443}.Debug|Any CPU.ActiveCfg = Debug|Any CPU
		{F823F605-36FD-4843-92E3-D8A945F22443}.Debug|Any CPU.Build.0 = Debug|Any CPU
		{F823F605-36FD-4843-92E3-D8A945F22443}.Release|Any CPU.ActiveCfg = Release|Any CPU
		{F823F605-36FD-4843-92E3-D8A945F22443}.Release|Any CPU.Build.0 = Release|Any CPU
	EndGlobalSection
	GlobalSection(SolutionProperties) = preSolution
		HideSolutionNode = FALSE
	EndGlobalSection
	GlobalSection(ExtensibilityGlobals) = postSolution
		SolutionGuid = {BC212422-3D00-48E4-B109-0F358DBEFD5C}
	EndGlobalSection
EndGlobal
